
Microsoft Visual Studio Solution File, Format Version 10.00
# Visual Studio 2008
Project("{8BC9CEB8-8B4A-11D0-8D11-00A0C91BC942}") = "Hello", "Hello.vcproj", "{4145D023-76D3-43AB-B9B4-B947FE833FDF}"
EndProject
Global
	GlobalSection(SolutionConfigurationPlatforms) = preSolution
		Debug|Win32 = Debug|Win32
		Release|Win32 = Release|Win32
	EndGlobalSection
	GlobalSection(ProjectConfigurationPlatforms) = postSolution
		{4145D023-76D3-43AB-B9B4-B947FE833FDF}.Debug|Win32.ActiveCfg = Debug|Win32
		{4145D023-76D3-43AB-B9B4-B947FE833FDF}.Debug|Win32.Build.0 = Debug|Win32
		{4145D023-76D3-43AB-B9B4-B947FE833FDF}.Release|Win32.ActiveCfg = Release|Win32
		{4145D023-76D3-43AB-B9B4-B947FE833FDF}.Release|Win32.Build.0 = Release|Win32
	EndGlobalSection
	GlobalSection(SolutionProperties) = preSolution
		HideSolutionNode = FALSE
	EndGlobalSection
EndGlobal
